{
  "pins" : [
    {
      "identity" : "torrentmodel",
      "kind" : "remoteSourceControl",
      "location" : "https://github.com/nothingsh/TorrentModel",
      "state" : {
        "revision" : "71404aee8d4cfed606d790c5b8d982320147474e",
        "version" : "1.0.0"
      }
    }
  ],
  "version" : 2
}
