{
  "pins" : [
    {
      "identity" : "alamofire",
      "kind" : "remoteSourceControl",
      "location" : "https://github.com/Alamofire/Alamofire",
      "state" : {
        "revision" : "bc268c28fb170f494de9e9927c371b8342979ece",
        "version" : "5.7.1"
      }
    },
    {
      "identity" : "cocoaasyncsocket",
      "kind" : "remoteSourceControl",
      "location" : "https://github.com/robbiehanson/CocoaAsyncSocket",
      "state" : {
        "revision" : "dbdc00669c1ced63b27c3c5f052ee4d28f10150c",
        "version" : "7.6.5"
      }
    },
    {
      "identity" : "torrentmodel",
      "kind" : "remoteSourceControl",
      "location" : "https://github.com/nothingsh/TorrentModel",
      "state" : {
        "revision" : "71404aee8d4cfed606d790c5b8d982320147474e",
        "version" : "1.0.0"
      }
    }
  ],
  "version" : 2
}
